
Microsoft Visual Studio Solution File, Format Version 12.00
# Visual Studio 14
VisualStudioVersion = 14.0.24720.0
MinimumVisualStudioVersion = 10.0.40219.1
Project("{FAE04EC0-301F-11D3-BF4B-00C04F79EFBC}") = "Bank", "Bank\Bank.csproj", "{754BCAF5-B2B6-490A-AA8D-48FB69F5BDA9}"
EndProject
Project("{FAE04EC0-301F-11D3-BF4B-00C04F79EFBC}") = "BankTests", "BankTests\BankTests.csproj", "{8EC89CAF-8363-4F6F-A6E4-101136076CAD}"
EndProject
Global
	GlobalSection(SolutionConfigurationPlatforms) = preSolution
		Debug|Any CPU = Debug|Any CPU
		Release|Any CPU = Release|Any CPU
	EndGlobalSection
	GlobalSection(ProjectConfigurationPlatforms) = postSolution
		{754BCAF5-B2B6-490A-AA8D-48FB69F5BDA9}.Debug|Any CPU.ActiveCfg = Debug|Any CPU
		{754BCAF5-B2B6-490A-AA8D-48FB69F5BDA9}.Debug|Any CPU.Build.0 = Debug|Any CPU
		{754BCAF5-B2B6-490A-AA8D-48FB69F5BDA9}.Release|Any CPU.ActiveCfg = Release|Any CPU
		{754BCAF5-B2B6-490A-AA8D-48FB69F5BDA9}.Release|Any CPU.Build.0 = Release|Any CPU
		{8EC89CAF-8363-4F6F-A6E4-101136076CAD}.Debug|Any CPU.ActiveCfg = Debug|Any CPU
		{8EC89CAF-8363-4F6F-A6E4-101136076CAD}.Debug|Any CPU.Build.0 = Debug|Any CPU
		{8EC89CAF-8363-4F6F-A6E4-101136076CAD}.Release|Any CPU.ActiveCfg = Release|Any CPU
		{8EC89CAF-8363-4F6F-A6E4-101136076CAD}.Release|Any CPU.Build.0 = Release|Any CPU
	EndGlobalSection
	GlobalSection(SolutionProperties) = preSolution
		HideSolutionNode = FALSE
	EndGlobalSection
EndGlobal
