
Microsoft Visual Studio Solution File, Format Version 12.00
# Visual Studio 14
VisualStudioVersion = 14.0.24720.0
MinimumVisualStudioVersion = 10.0.40219.1
Project("{FAE04EC0-301F-11D3-BF4B-00C04F79EFBC}") = "ExamSolved", "ExamSolved\ExamSolved.csproj", "{65EE88FD-A913-4BFB-BBA8-E9B88C3DC40E}"
EndProject
Project("{FAE04EC0-301F-11D3-BF4B-00C04F79EFBC}") = "ExamTests", "ExamTests\ExamTests.csproj", "{7377EE33-7AB5-482A-A328-E82B496DA25C}"
EndProject
Global
	GlobalSection(SolutionConfigurationPlatforms) = preSolution
		Debug|Any CPU = Debug|Any CPU
		Release|Any CPU = Release|Any CPU
	EndGlobalSection
	GlobalSection(ProjectConfigurationPlatforms) = postSolution
		{65EE88FD-A913-4BFB-BBA8-E9B88C3DC40E}.Debug|Any CPU.ActiveCfg = Debug|Any CPU
		{65EE88FD-A913-4BFB-BBA8-E9B88C3DC40E}.Debug|Any CPU.Build.0 = Debug|Any CPU
		{65EE88FD-A913-4BFB-BBA8-E9B88C3DC40E}.Release|Any CPU.ActiveCfg = Release|Any CPU
		{65EE88FD-A913-4BFB-BBA8-E9B88C3DC40E}.Release|Any CPU.Build.0 = Release|Any CPU
		{7377EE33-7AB5-482A-A328-E82B496DA25C}.Debug|Any CPU.ActiveCfg = Debug|Any CPU
		{7377EE33-7AB5-482A-A328-E82B496DA25C}.Debug|Any CPU.Build.0 = Debug|Any CPU
		{7377EE33-7AB5-482A-A328-E82B496DA25C}.Release|Any CPU.ActiveCfg = Release|Any CPU
		{7377EE33-7AB5-482A-A328-E82B496DA25C}.Release|Any CPU.Build.0 = Release|Any CPU
	EndGlobalSection
	GlobalSection(SolutionProperties) = preSolution
		HideSolutionNode = FALSE
	EndGlobalSection
EndGlobal
