
Microsoft Visual Studio Solution File, Format Version 12.00
# Visual Studio 14
VisualStudioVersion = 14.0.24720.0
MinimumVisualStudioVersion = 10.0.40219.1
Project("{FAE04EC0-301F-11D3-BF4B-00C04F79EFBC}") = "ExamSolved", "ExamSolved\ExamSolved.csproj", "{3035C628-3BE7-47CB-B04E-9349BCE00795}"
EndProject
Project("{FAE04EC0-301F-11D3-BF4B-00C04F79EFBC}") = "ExamTests", "ExamTests\ExamTests.csproj", "{D0CC474C-2445-4734-9C9A-12E0A53EB431}"
EndProject
Global
	GlobalSection(SolutionConfigurationPlatforms) = preSolution
		Debug|Any CPU = Debug|Any CPU
		Release|Any CPU = Release|Any CPU
	EndGlobalSection
	GlobalSection(ProjectConfigurationPlatforms) = postSolution
		{3035C628-3BE7-47CB-B04E-9349BCE00795}.Debug|Any CPU.ActiveCfg = Debug|Any CPU
		{3035C628-3BE7-47CB-B04E-9349BCE00795}.Debug|Any CPU.Build.0 = Debug|Any CPU
		{3035C628-3BE7-47CB-B04E-9349BCE00795}.Release|Any CPU.ActiveCfg = Release|Any CPU
		{3035C628-3BE7-47CB-B04E-9349BCE00795}.Release|Any CPU.Build.0 = Release|Any CPU
		{D0CC474C-2445-4734-9C9A-12E0A53EB431}.Debug|Any CPU.ActiveCfg = Debug|Any CPU
		{D0CC474C-2445-4734-9C9A-12E0A53EB431}.Debug|Any CPU.Build.0 = Debug|Any CPU
		{D0CC474C-2445-4734-9C9A-12E0A53EB431}.Release|Any CPU.ActiveCfg = Release|Any CPU
		{D0CC474C-2445-4734-9C9A-12E0A53EB431}.Release|Any CPU.Build.0 = Release|Any CPU
	EndGlobalSection
	GlobalSection(SolutionProperties) = preSolution
		HideSolutionNode = FALSE
	EndGlobalSection
EndGlobal
